
Microsoft Visual Studio Solution File, Format Version 12.00
# Visual Studio Version 17
VisualStudioVersion = 17.0.31903.59
MinimumVisualStudioVersion = 10.0.40219.1
Project("{2150E333-8FDC-42A3-9474-1A3956D46DE8}") = "src", "src", "{5D13C73B-7C64-4902-B548-AF5F955B0680}"
EndProject
Project("{2150E333-8FDC-42A3-9474-1A3956D46DE8}") = "samples", "samples", "{8A1B5E2D-9C3F-4A7E-B6D1-2E4F5A8C9D0E}"
EndProject
Project("{FAE04EC0-301F-11D3-BF4B-00C04F79EFBC}") = "Octopus.Blazor", "src\Octopus.Blazor\Octopus.Blazor.csproj", "{AB71B7EC-C742-4F44-AA05-491817AC6D66}"
EndProject
Project("{FAE04EC0-301F-11D3-BF4B-00C04F79EFBC}") = "Octopus.Blazor.Sample", "samples\Octopus.Blazor.Sample\Octopus.Blazor.Sample.csproj", "{21F58AE1-36FD-4E8B-A2ED-51DD6837CC5A}"
EndProject
Project("{FAE04EC0-301F-11D3-BF4B-00C04F79EFBC}") = "Octopus.Blazor.Server.Sample", "samples\Octopus.Blazor.Server.Sample\Octopus.Blazor.Server.Sample.csproj", "{DA41BDB1-7305-4616-8DB2-3D1632006CB4}"
EndProject
Project("{FAE04EC0-301F-11D3-BF4B-00C04F79EFBC}") = "Octopus.Server.App", "src\Octopus.Server.App\Octopus.Server.App.csproj", "{192863DB-AFE4-401B-9559-92AA749F0BDB}"
EndProject
Project("{FAE04EC0-301F-11D3-BF4B-00C04F79EFBC}") = "Octopus.Server.Contracts", "src\Octopus.Server.Contracts\Octopus.Server.Contracts.csproj", "{EAF61798-F224-4B4D-A52E-A6D99AC33E50}"
EndProject
Project("{FAE04EC0-301F-11D3-BF4B-00C04F79EFBC}") = "Octopus.Server.Domain", "src\Octopus.Server.Domain\Octopus.Server.Domain.csproj", "{CF9C1B63-9143-4315-9396-7A4F169BA677}"
EndProject
Project("{FAE04EC0-301F-11D3-BF4B-00C04F79EFBC}") = "Octopus.Server.Abstractions", "src\Octopus.Server.Abstractions\Octopus.Server.Abstractions.csproj", "{1F053D8A-382A-4720-B4D0-B2CCBEBFAC95}"
EndProject
Project("{FAE04EC0-301F-11D3-BF4B-00C04F79EFBC}") = "Octopus.ServiceDefaults", "src\Octopus.ServiceDefaults\Octopus.ServiceDefaults.csproj", "{4DACCBE1-8D6D-4856-828F-5EFEB553F642}"
EndProject
Project("{FAE04EC0-301F-11D3-BF4B-00C04F79EFBC}") = "Octopus.AppHost", "src\Octopus.AppHost\Octopus.AppHost.csproj", "{CEF9C9B3-6D46-4C6F-87A3-14B7B44E61D0}"
EndProject
Project("{FAE04EC0-301F-11D3-BF4B-00C04F79EFBC}") = "Octopus.Server.Persistence.EfCore", "src\Octopus.Server.Persistence.EfCore\Octopus.Server.Persistence.EfCore.csproj", "{DBC34C47-5C0C-4307-9279-A6F118025F4A}"
EndProject
Global
	GlobalSection(SolutionConfigurationPlatforms) = preSolution
		Debug|Any CPU = Debug|Any CPU
		Debug|x64 = Debug|x64
		Debug|x86 = Debug|x86
		Release|Any CPU = Release|Any CPU
		Release|x64 = Release|x64
		Release|x86 = Release|x86
	EndGlobalSection
	GlobalSection(ProjectConfigurationPlatforms) = postSolution
		{AB71B7EC-C742-4F44-AA05-491817AC6D66}.Debug|Any CPU.ActiveCfg = Debug|Any CPU
		{AB71B7EC-C742-4F44-AA05-491817AC6D66}.Debug|Any CPU.Build.0 = Debug|Any CPU
		{AB71B7EC-C742-4F44-AA05-491817AC6D66}.Debug|x64.ActiveCfg = Debug|Any CPU
		{AB71B7EC-C742-4F44-AA05-491817AC6D66}.Debug|x64.Build.0 = Debug|Any CPU
		{AB71B7EC-C742-4F44-AA05-491817AC6D66}.Debug|x86.ActiveCfg = Debug|Any CPU
		{AB71B7EC-C742-4F44-AA05-491817AC6D66}.Debug|x86.Build.0 = Debug|Any CPU
		{AB71B7EC-C742-4F44-AA05-491817AC6D66}.Release|Any CPU.ActiveCfg = Release|Any CPU
		{AB71B7EC-C742-4F44-AA05-491817AC6D66}.Release|Any CPU.Build.0 = Release|Any CPU
		{AB71B7EC-C742-4F44-AA05-491817AC6D66}.Release|x64.ActiveCfg = Release|Any CPU
		{AB71B7EC-C742-4F44-AA05-491817AC6D66}.Release|x64.Build.0 = Release|Any CPU
		{AB71B7EC-C742-4F44-AA05-491817AC6D66}.Release|x86.ActiveCfg = Release|Any CPU
		{AB71B7EC-C742-4F44-AA05-491817AC6D66}.Release|x86.Build.0 = Release|Any CPU
		{21F58AE1-36FD-4E8B-A2ED-51DD6837CC5A}.Debug|Any CPU.ActiveCfg = Debug|Any CPU
		{21F58AE1-36FD-4E8B-A2ED-51DD6837CC5A}.Debug|Any CPU.Build.0 = Debug|Any CPU
		{21F58AE1-36FD-4E8B-A2ED-51DD6837CC5A}.Debug|x64.ActiveCfg = Debug|Any CPU
		{21F58AE1-36FD-4E8B-A2ED-51DD6837CC5A}.Debug|x64.Build.0 = Debug|Any CPU
		{21F58AE1-36FD-4E8B-A2ED-51DD6837CC5A}.Debug|x86.ActiveCfg = Debug|Any CPU
		{21F58AE1-36FD-4E8B-A2ED-51DD6837CC5A}.Debug|x86.Build.0 = Debug|Any CPU
		{21F58AE1-36FD-4E8B-A2ED-51DD6837CC5A}.Release|Any CPU.ActiveCfg = Release|Any CPU
		{21F58AE1-36FD-4E8B-A2ED-51DD6837CC5A}.Release|Any CPU.Build.0 = Release|Any CPU
		{21F58AE1-36FD-4E8B-A2ED-51DD6837CC5A}.Release|x64.ActiveCfg = Release|Any CPU
		{21F58AE1-36FD-4E8B-A2ED-51DD6837CC5A}.Release|x64.Build.0 = Release|Any CPU
		{21F58AE1-36FD-4E8B-A2ED-51DD6837CC5A}.Release|x86.ActiveCfg = Release|Any CPU
		{21F58AE1-36FD-4E8B-A2ED-51DD6837CC5A}.Release|x86.Build.0 = Release|Any CPU
		{DA41BDB1-7305-4616-8DB2-3D1632006CB4}.Debug|Any CPU.ActiveCfg = Debug|Any CPU
		{DA41BDB1-7305-4616-8DB2-3D1632006CB4}.Debug|Any CPU.Build.0 = Debug|Any CPU
		{DA41BDB1-7305-4616-8DB2-3D1632006CB4}.Debug|x64.ActiveCfg = Debug|Any CPU
		{DA41BDB1-7305-4616-8DB2-3D1632006CB4}.Debug|x64.Build.0 = Debug|Any CPU
		{DA41BDB1-7305-4616-8DB2-3D1632006CB4}.Debug|x86.ActiveCfg = Debug|Any CPU
		{DA41BDB1-7305-4616-8DB2-3D1632006CB4}.Debug|x86.Build.0 = Debug|Any CPU
		{DA41BDB1-7305-4616-8DB2-3D1632006CB4}.Release|Any CPU.ActiveCfg = Release|Any CPU
		{DA41BDB1-7305-4616-8DB2-3D1632006CB4}.Release|Any CPU.Build.0 = Release|Any CPU
		{DA41BDB1-7305-4616-8DB2-3D1632006CB4}.Release|x64.ActiveCfg = Release|Any CPU
		{DA41BDB1-7305-4616-8DB2-3D1632006CB4}.Release|x64.Build.0 = Release|Any CPU
		{DA41BDB1-7305-4616-8DB2-3D1632006CB4}.Release|x86.ActiveCfg = Release|Any CPU
		{DA41BDB1-7305-4616-8DB2-3D1632006CB4}.Release|x86.Build.0 = Release|Any CPU
		{192863DB-AFE4-401B-9559-92AA749F0BDB}.Debug|Any CPU.ActiveCfg = Debug|Any CPU
		{192863DB-AFE4-401B-9559-92AA749F0BDB}.Debug|Any CPU.Build.0 = Debug|Any CPU
		{192863DB-AFE4-401B-9559-92AA749F0BDB}.Debug|x64.ActiveCfg = Debug|Any CPU
		{192863DB-AFE4-401B-9559-92AA749F0BDB}.Debug|x64.Build.0 = Debug|Any CPU
		{192863DB-AFE4-401B-9559-92AA749F0BDB}.Debug|x86.ActiveCfg = Debug|Any CPU
		{192863DB-AFE4-401B-9559-92AA749F0BDB}.Debug|x86.Build.0 = Debug|Any CPU
		{192863DB-AFE4-401B-9559-92AA749F0BDB}.Release|Any CPU.ActiveCfg = Release|Any CPU
		{192863DB-AFE4-401B-9559-92AA749F0BDB}.Release|Any CPU.Build.0 = Release|Any CPU
		{192863DB-AFE4-401B-9559-92AA749F0BDB}.Release|x64.ActiveCfg = Release|Any CPU
		{192863DB-AFE4-401B-9559-92AA749F0BDB}.Release|x64.Build.0 = Release|Any CPU
		{192863DB-AFE4-401B-9559-92AA749F0BDB}.Release|x86.ActiveCfg = Release|Any CPU
		{192863DB-AFE4-401B-9559-92AA749F0BDB}.Release|x86.Build.0 = Release|Any CPU
		{EAF61798-F224-4B4D-A52E-A6D99AC33E50}.Debug|Any CPU.ActiveCfg = Debug|Any CPU
		{EAF61798-F224-4B4D-A52E-A6D99AC33E50}.Debug|Any CPU.Build.0 = Debug|Any CPU
		{EAF61798-F224-4B4D-A52E-A6D99AC33E50}.Debug|x64.ActiveCfg = Debug|Any CPU
		{EAF61798-F224-4B4D-A52E-A6D99AC33E50}.Debug|x64.Build.0 = Debug|Any CPU
		{EAF61798-F224-4B4D-A52E-A6D99AC33E50}.Debug|x86.ActiveCfg = Debug|Any CPU
		{EAF61798-F224-4B4D-A52E-A6D99AC33E50}.Debug|x86.Build.0 = Debug|Any CPU
		{EAF61798-F224-4B4D-A52E-A6D99AC33E50}.Release|Any CPU.ActiveCfg = Release|Any CPU
		{EAF61798-F224-4B4D-A52E-A6D99AC33E50}.Release|Any CPU.Build.0 = Release|Any CPU
		{EAF61798-F224-4B4D-A52E-A6D99AC33E50}.Release|x64.ActiveCfg = Release|Any CPU
		{EAF61798-F224-4B4D-A52E-A6D99AC33E50}.Release|x64.Build.0 = Release|Any CPU
		{EAF61798-F224-4B4D-A52E-A6D99AC33E50}.Release|x86.ActiveCfg = Release|Any CPU
		{EAF61798-F224-4B4D-A52E-A6D99AC33E50}.Release|x86.Build.0 = Release|Any CPU
		{CF9C1B63-9143-4315-9396-7A4F169BA677}.Debug|Any CPU.ActiveCfg = Debug|Any CPU
		{CF9C1B63-9143-4315-9396-7A4F169BA677}.Debug|Any CPU.Build.0 = Debug|Any CPU
		{CF9C1B63-9143-4315-9396-7A4F169BA677}.Debug|x64.ActiveCfg = Debug|Any CPU
		{CF9C1B63-9143-4315-9396-7A4F169BA677}.Debug|x64.Build.0 = Debug|Any CPU
		{CF9C1B63-9143-4315-9396-7A4F169BA677}.Debug|x86.ActiveCfg = Debug|Any CPU
		{CF9C1B63-9143-4315-9396-7A4F169BA677}.Debug|x86.Build.0 = Debug|Any CPU
		{CF9C1B63-9143-4315-9396-7A4F169BA677}.Release|Any CPU.ActiveCfg = Release|Any CPU
		{CF9C1B63-9143-4315-9396-7A4F169BA677}.Release|Any CPU.Build.0 = Release|Any CPU
		{CF9C1B63-9143-4315-9396-7A4F169BA677}.Release|x64.ActiveCfg = Release|Any CPU
		{CF9C1B63-9143-4315-9396-7A4F169BA677}.Release|x64.Build.0 = Release|Any CPU
		{CF9C1B63-9143-4315-9396-7A4F169BA677}.Release|x86.ActiveCfg = Release|Any CPU
		{CF9C1B63-9143-4315-9396-7A4F169BA677}.Release|x86.Build.0 = Release|Any CPU
		{1F053D8A-382A-4720-B4D0-B2CCBEBFAC95}.Debug|Any CPU.ActiveCfg = Debug|Any CPU
		{1F053D8A-382A-4720-B4D0-B2CCBEBFAC95}.Debug|Any CPU.Build.0 = Debug|Any CPU
		{1F053D8A-382A-4720-B4D0-B2CCBEBFAC95}.Debug|x64.ActiveCfg = Debug|Any CPU
		{1F053D8A-382A-4720-B4D0-B2CCBEBFAC95}.Debug|x64.Build.0 = Debug|Any CPU
		{1F053D8A-382A-4720-B4D0-B2CCBEBFAC95}.Debug|x86.ActiveCfg = Debug|Any CPU
		{1F053D8A-382A-4720-B4D0-B2CCBEBFAC95}.Debug|x86.Build.0 = Debug|Any CPU
		{1F053D8A-382A-4720-B4D0-B2CCBEBFAC95}.Release|Any CPU.ActiveCfg = Release|Any CPU
		{1F053D8A-382A-4720-B4D0-B2CCBEBFAC95}.Release|Any CPU.Build.0 = Release|Any CPU
		{1F053D8A-382A-4720-B4D0-B2CCBEBFAC95}.Release|x64.ActiveCfg = Release|Any CPU
		{1F053D8A-382A-4720-B4D0-B2CCBEBFAC95}.Release|x64.Build.0 = Release|Any CPU
		{1F053D8A-382A-4720-B4D0-B2CCBEBFAC95}.Release|x86.ActiveCfg = Release|Any CPU
		{1F053D8A-382A-4720-B4D0-B2CCBEBFAC95}.Release|x86.Build.0 = Release|Any CPU
		{4DACCBE1-8D6D-4856-828F-5EFEB553F642}.Debug|Any CPU.ActiveCfg = Debug|Any CPU
		{4DACCBE1-8D6D-4856-828F-5EFEB553F642}.Debug|Any CPU.Build.0 = Debug|Any CPU
		{4DACCBE1-8D6D-4856-828F-5EFEB553F642}.Debug|x64.ActiveCfg = Debug|Any CPU
		{4DACCBE1-8D6D-4856-828F-5EFEB553F642}.Debug|x64.Build.0 = Debug|Any CPU
		{4DACCBE1-8D6D-4856-828F-5EFEB553F642}.Debug|x86.ActiveCfg = Debug|Any CPU
		{4DACCBE1-8D6D-4856-828F-5EFEB553F642}.Debug|x86.Build.0 = Debug|Any CPU
		{4DACCBE1-8D6D-4856-828F-5EFEB553F642}.Release|Any CPU.ActiveCfg = Release|Any CPU
		{4DACCBE1-8D6D-4856-828F-5EFEB553F642}.Release|Any CPU.Build.0 = Release|Any CPU
		{4DACCBE1-8D6D-4856-828F-5EFEB553F642}.Release|x64.ActiveCfg = Release|Any CPU
		{4DACCBE1-8D6D-4856-828F-5EFEB553F642}.Release|x64.Build.0 = Release|Any CPU
		{4DACCBE1-8D6D-4856-828F-5EFEB553F642}.Release|x86.ActiveCfg = Release|Any CPU
		{4DACCBE1-8D6D-4856-828F-5EFEB553F642}.Release|x86.Build.0 = Release|Any CPU
		{CEF9C9B3-6D46-4C6F-87A3-14B7B44E61D0}.Debug|Any CPU.ActiveCfg = Debug|Any CPU
		{CEF9C9B3-6D46-4C6F-87A3-14B7B44E61D0}.Debug|Any CPU.Build.0 = Debug|Any CPU
		{CEF9C9B3-6D46-4C6F-87A3-14B7B44E61D0}.Debug|x64.ActiveCfg = Debug|Any CPU
		{CEF9C9B3-6D46-4C6F-87A3-14B7B44E61D0}.Debug|x64.Build.0 = Debug|Any CPU
		{CEF9C9B3-6D46-4C6F-87A3-14B7B44E61D0}.Debug|x86.ActiveCfg = Debug|Any CPU
		{CEF9C9B3-6D46-4C6F-87A3-14B7B44E61D0}.Debug|x86.Build.0 = Debug|Any CPU
		{CEF9C9B3-6D46-4C6F-87A3-14B7B44E61D0}.Release|Any CPU.ActiveCfg = Release|Any CPU
		{CEF9C9B3-6D46-4C6F-87A3-14B7B44E61D0}.Release|Any CPU.Build.0 = Release|Any CPU
		{CEF9C9B3-6D46-4C6F-87A3-14B7B44E61D0}.Release|x64.ActiveCfg = Release|Any CPU
		{CEF9C9B3-6D46-4C6F-87A3-14B7B44E61D0}.Release|x64.Build.0 = Release|Any CPU
		{CEF9C9B3-6D46-4C6F-87A3-14B7B44E61D0}.Release|x86.ActiveCfg = Release|Any CPU
		{CEF9C9B3-6D46-4C6F-87A3-14B7B44E61D0}.Release|x86.Build.0 = Release|Any CPU
		{DBC34C47-5C0C-4307-9279-A6F118025F4A}.Debug|Any CPU.ActiveCfg = Debug|Any CPU
		{DBC34C47-5C0C-4307-9279-A6F118025F4A}.Debug|Any CPU.Build.0 = Debug|Any CPU
		{DBC34C47-5C0C-4307-9279-A6F118025F4A}.Debug|x64.ActiveCfg = Debug|Any CPU
		{DBC34C47-5C0C-4307-9279-A6F118025F4A}.Debug|x64.Build.0 = Debug|Any CPU
		{DBC34C47-5C0C-4307-9279-A6F118025F4A}.Debug|x86.ActiveCfg = Debug|Any CPU
		{DBC34C47-5C0C-4307-9279-A6F118025F4A}.Debug|x86.Build.0 = Debug|Any CPU
		{DBC34C47-5C0C-4307-9279-A6F118025F4A}.Release|Any CPU.ActiveCfg = Release|Any CPU
		{DBC34C47-5C0C-4307-9279-A6F118025F4A}.Release|Any CPU.Build.0 = Release|Any CPU
		{DBC34C47-5C0C-4307-9279-A6F118025F4A}.Release|x64.ActiveCfg = Release|Any CPU
		{DBC34C47-5C0C-4307-9279-A6F118025F4A}.Release|x64.Build.0 = Release|Any CPU
		{DBC34C47-5C0C-4307-9279-A6F118025F4A}.Release|x86.ActiveCfg = Release|Any CPU
		{DBC34C47-5C0C-4307-9279-A6F118025F4A}.Release|x86.Build.0 = Release|Any CPU
	EndGlobalSection
	GlobalSection(SolutionProperties) = preSolution
		HideSolutionNode = FALSE
	EndGlobalSection
	GlobalSection(NestedProjects) = preSolution
		{AB71B7EC-C742-4F44-AA05-491817AC6D66} = {5D13C73B-7C64-4902-B548-AF5F955B0680}
		{21F58AE1-36FD-4E8B-A2ED-51DD6837CC5A} = {8A1B5E2D-9C3F-4A7E-B6D1-2E4F5A8C9D0E}
		{DA41BDB1-7305-4616-8DB2-3D1632006CB4} = {8A1B5E2D-9C3F-4A7E-B6D1-2E4F5A8C9D0E}
		{192863DB-AFE4-401B-9559-92AA749F0BDB} = {5D13C73B-7C64-4902-B548-AF5F955B0680}
		{EAF61798-F224-4B4D-A52E-A6D99AC33E50} = {5D13C73B-7C64-4902-B548-AF5F955B0680}
		{CF9C1B63-9143-4315-9396-7A4F169BA677} = {5D13C73B-7C64-4902-B548-AF5F955B0680}
		{1F053D8A-382A-4720-B4D0-B2CCBEBFAC95} = {5D13C73B-7C64-4902-B548-AF5F955B0680}
		{4DACCBE1-8D6D-4856-828F-5EFEB553F642} = {5D13C73B-7C64-4902-B548-AF5F955B0680}
		{CEF9C9B3-6D46-4C6F-87A3-14B7B44E61D0} = {5D13C73B-7C64-4902-B548-AF5F955B0680}
		{DBC34C47-5C0C-4307-9279-A6F118025F4A} = {5D13C73B-7C64-4902-B548-AF5F955B0680}
	EndGlobalSection
EndGlobal
